// !$*UTF8*$!
{
	archiveVersion = 1;
	classes = {
	};
	objectVersion = 50;
	objects = {

/* Begin PBXBuildFile section */
		1B01807F229D7EBD003A2ECF /* PairListViewModel.swift in Sources */ = {isa = PBXBuildFile; fileRef = 1B01807E229D7EBD003A2ECF /* PairListViewModel.swift */; };
		1B0F57E8229E41B200A857B1 /* PairTableViewCell.swift in Sources */ = {isa = PBXBuildFile; fileRef = 1B0F57E7229E41B200A857B1 /* PairTableViewCell.swift */; };
		1B0F57FC229FCE6600A857B1 /* Currencies.xcdatamodeld in Sources */ = {isa = PBXBuildFile; fileRef = 1B0F57FA229FCE6600A857B1 /* Currencies.xcdatamodeld */; };
		1B17BC06229802CD007E7BE3 /* CurrencyTableViewCell.swift in Sources */ = {isa = PBXBuildFile; fileRef = 1B17BC05229802CD007E7BE3 /* CurrencyTableViewCell.swift */; };
		1B17BC0922980342007E7BE3 /* APIService.swift in Sources */ = {isa = PBXBuildFile; fileRef = 1B17BC0822980342007E7BE3 /* APIService.swift */; };
		1B17BC0E2298036F007E7BE3 /* Currency.swift in Sources */ = {isa = PBXBuildFile; fileRef = 1B17BC0B2298036F007E7BE3 /* Currency.swift */; };
		1B17BC0F2298036F007E7BE3 /* Constants.swift in Sources */ = {isa = PBXBuildFile; fileRef = 1B17BC0D2298036F007E7BE3 /* Constants.swift */; };
		1B17BC1122980856007E7BE3 /* currencies.json in Resources */ = {isa = PBXBuildFile; fileRef = 1B17BC1022980856007E7BE3 /* currencies.json */; };
		1B433DA422A1172A00ED0532 /* Pair+CoreDataClass.swift in Sources */ = {isa = PBXBuildFile; fileRef = 1B433DA222A1172A00ED0532 /* Pair+CoreDataClass.swift */; };
		1B433DA522A1172A00ED0532 /* Pair+CoreDataProperties.swift in Sources */ = {isa = PBXBuildFile; fileRef = 1B433DA322A1172A00ED0532 /* Pair+CoreDataProperties.swift */; };
		1B433DA722A11BF200ED0532 /* PairsService.swift in Sources */ = {isa = PBXBuildFile; fileRef = 1B433DA622A11BF200ED0532 /* PairsService.swift */; };
		1B433DAA22A1209500ED0532 /* MainService.swift in Sources */ = {isa = PBXBuildFile; fileRef = 1B433DA922A1209500ED0532 /* MainService.swift */; };
		1B80DF59229C12A200816092 /* MainViewController.swift in Sources */ = {isa = PBXBuildFile; fileRef = 1B80DF58229C12A200816092 /* MainViewController.swift */; };
		1B80DF5B229C15A000816092 /* PairListViewController.swift in Sources */ = {isa = PBXBuildFile; fileRef = 1B80DF5A229C15A000816092 /* PairListViewController.swift */; };
		1BCE3C982297EAD500CC9D24 /* AppDelegate.swift in Sources */ = {isa = PBXBuildFile; fileRef = 1BCE3C972297EAD500CC9D24 /* AppDelegate.swift */; };
		1BCE3C9D2297EAD500CC9D24 /* Main.storyboard in Resources */ = {isa = PBXBuildFile; fileRef = 1BCE3C9B2297EAD500CC9D24 /* Main.storyboard */; };
		1BCE3C9F2297EAD700CC9D24 /* Assets.xcassets in Resources */ = {isa = PBXBuildFile; fileRef = 1BCE3C9E2297EAD700CC9D24 /* Assets.xcassets */; };
		1BCE3CA22297EAD700CC9D24 /* LaunchScreen.storyboard in Resources */ = {isa = PBXBuildFile; fileRef = 1BCE3CA02297EAD700CC9D24 /* LaunchScreen.storyboard */; };
		1BCE3CAD2297EAD700CC9D24 /* CurrenciesTests.swift in Sources */ = {isa = PBXBuildFile; fileRef = 1BCE3CAC2297EAD700CC9D24 /* CurrenciesTests.swift */; };
		1BCE3CC02298007100CC9D24 /* CurrenciesListViewController.swift in Sources */ = {isa = PBXBuildFile; fileRef = 1BCE3CBE2298007100CC9D24 /* CurrenciesListViewController.swift */; };
		1BCE3CC12298007100CC9D24 /* CurrenciesListViewModel.swift in Sources */ = {isa = PBXBuildFile; fileRef = 1BCE3CBF2298007100CC9D24 /* CurrenciesListViewModel.swift */; };
		D0143E7B229ACB1B00687A68 /* ComparableCurrenciesListViewController.swift in Sources */ = {isa = PBXBuildFile; fileRef = D0143E7A229ACB1B00687A68 /* ComparableCurrenciesListViewController.swift */; };
		D0143E7D229ACE5900687A68 /* ComparableCurrenciesListViewModel.swift in Sources */ = {isa = PBXBuildFile; fileRef = D0143E7C229ACE5900687A68 /* ComparableCurrenciesListViewModel.swift */; };
		D01D7952229CCA7C007D4F50 /* MainViewModel.swift in Sources */ = {isa = PBXBuildFile; fileRef = D01D7951229CCA7C007D4F50 /* MainViewModel.swift */; };
/* End PBXBuildFile section */

/* Begin PBXContainerItemProxy section */
		1BCE3CA92297EAD700CC9D24 /* PBXContainerItemProxy */ = {
			isa = PBXContainerItemProxy;
			containerPortal = 1BCE3C8C2297EAD500CC9D24 /* Project object */;
			proxyType = 1;
			remoteGlobalIDString = 1BCE3C932297EAD500CC9D24;
			remoteInfo = Currencies;
		};
/* End PBXContainerItemProxy section */

/* Begin PBXFileReference section */
		1B01807E229D7EBD003A2ECF /* PairListViewModel.swift */ = {isa = PBXFileReference; lastKnownFileType = sourcecode.swift; path = PairListViewModel.swift; sourceTree = "<group>"; };
		1B0F57E7229E41B200A857B1 /* PairTableViewCell.swift */ = {isa = PBXFileReference; lastKnownFileType = sourcecode.swift; path = PairTableViewCell.swift; sourceTree = "<group>"; };
		1B0F57FB229FCE6600A857B1 /* Currencies.xcdatamodel */ = {isa = PBXFileReference; lastKnownFileType = wrapper.xcdatamodel; path = Currencies.xcdatamodel; sourceTree = "<group>"; };
		1B17BC05229802CD007E7BE3 /* CurrencyTableViewCell.swift */ = {isa = PBXFileReference; lastKnownFileType = sourcecode.swift; path = CurrencyTableViewCell.swift; sourceTree = "<group>"; };
		1B17BC0822980342007E7BE3 /* APIService.swift */ = {isa = PBXFileReference; fileEncoding = 4; lastKnownFileType = sourcecode.swift; path = APIService.swift; sourceTree = "<group>"; };
		1B17BC0B2298036F007E7BE3 /* Currency.swift */ = {isa = PBXFileReference; fileEncoding = 4; lastKnownFileType = sourcecode.swift; path = Currency.swift; sourceTree = "<group>"; };
		1B17BC0D2298036F007E7BE3 /* Constants.swift */ = {isa = PBXFileReference; fileEncoding = 4; lastKnownFileType = sourcecode.swift; path = Constants.swift; sourceTree = "<group>"; };
		1B17BC1022980856007E7BE3 /* currencies.json */ = {isa = PBXFileReference; fileEncoding = 4; lastKnownFileType = text.json; path = currencies.json; sourceTree = "<group>"; };
		1B433DA222A1172A00ED0532 /* Pair+CoreDataClass.swift */ = {isa = PBXFileReference; lastKnownFileType = sourcecode.swift; path = "Pair+CoreDataClass.swift"; sourceTree = "<group>"; };
		1B433DA322A1172A00ED0532 /* Pair+CoreDataProperties.swift */ = {isa = PBXFileReference; lastKnownFileType = sourcecode.swift; path = "Pair+CoreDataProperties.swift"; sourceTree = "<group>"; };
		1B433DA622A11BF200ED0532 /* PairsService.swift */ = {isa = PBXFileReference; lastKnownFileType = sourcecode.swift; path = PairsService.swift; sourceTree = "<group>"; };
		1B433DA922A1209500ED0532 /* MainService.swift */ = {isa = PBXFileReference; lastKnownFileType = sourcecode.swift; path = MainService.swift; sourceTree = "<group>"; };
		1B80DF58229C12A200816092 /* MainViewController.swift */ = {isa = PBXFileReference; lastKnownFileType = sourcecode.swift; path = MainViewController.swift; sourceTree = "<group>"; };
		1B80DF5A229C15A000816092 /* PairListViewController.swift */ = {isa = PBXFileReference; lastKnownFileType = sourcecode.swift; path = PairListViewController.swift; sourceTree = "<group>"; };
		1BCE3C942297EAD500CC9D24 /* Currencies.app */ = {isa = PBXFileReference; explicitFileType = wrapper.application; includeInIndex = 0; path = Currencies.app; sourceTree = BUILT_PRODUCTS_DIR; };
		1BCE3C972297EAD500CC9D24 /* AppDelegate.swift */ = {isa = PBXFileReference; lastKnownFileType = sourcecode.swift; path = AppDelegate.swift; sourceTree = "<group>"; };
		1BCE3C9C2297EAD500CC9D24 /* Base */ = {isa = PBXFileReference; lastKnownFileType = file.storyboard; name = Base; path = Base.lproj/Main.storyboard; sourceTree = "<group>"; };
		1BCE3C9E2297EAD700CC9D24 /* Assets.xcassets */ = {isa = PBXFileReference; lastKnownFileType = folder.assetcatalog; path = Assets.xcassets; sourceTree = "<group>"; };
		1BCE3CA12297EAD700CC9D24 /* Base */ = {isa = PBXFileReference; lastKnownFileType = file.storyboard; name = Base; path = Base.lproj/LaunchScreen.storyboard; sourceTree = "<group>"; };
		1BCE3CA32297EAD700CC9D24 /* Info.plist */ = {isa = PBXFileReference; lastKnownFileType = text.plist.xml; path = Info.plist; sourceTree = "<group>"; };
		1BCE3CA82297EAD700CC9D24 /* CurrenciesTests.xctest */ = {isa = PBXFileReference; explicitFileType = wrapper.cfbundle; includeInIndex = 0; path = CurrenciesTests.xctest; sourceTree = BUILT_PRODUCTS_DIR; };
		1BCE3CAC2297EAD700CC9D24 /* CurrenciesTests.swift */ = {isa = PBXFileReference; lastKnownFileType = sourcecode.swift; path = CurrenciesTests.swift; sourceTree = "<group>"; };
		1BCE3CAE2297EAD700CC9D24 /* Info.plist */ = {isa = PBXFileReference; lastKnownFileType = text.plist.xml; path = Info.plist; sourceTree = "<group>"; };
		1BCE3CBE2298007100CC9D24 /* CurrenciesListViewController.swift */ = {isa = PBXFileReference; fileEncoding = 4; lastKnownFileType = sourcecode.swift; path = CurrenciesListViewController.swift; sourceTree = "<group>"; };
		1BCE3CBF2298007100CC9D24 /* CurrenciesListViewModel.swift */ = {isa = PBXFileReference; fileEncoding = 4; lastKnownFileType = sourcecode.swift; path = CurrenciesListViewModel.swift; sourceTree = "<group>"; };
		D0143E7A229ACB1B00687A68 /* ComparableCurrenciesListViewController.swift */ = {isa = PBXFileReference; lastKnownFileType = sourcecode.swift; path = ComparableCurrenciesListViewController.swift; sourceTree = "<group>"; };
		D0143E7C229ACE5900687A68 /* ComparableCurrenciesListViewModel.swift */ = {isa = PBXFileReference; fileEncoding = 4; lastKnownFileType = sourcecode.swift; path = ComparableCurrenciesListViewModel.swift; sourceTree = "<group>"; };
		D01D7951229CCA7C007D4F50 /* MainViewModel.swift */ = {isa = PBXFileReference; lastKnownFileType = sourcecode.swift; path = MainViewModel.swift; sourceTree = "<group>"; };
/* End PBXFileReference section */

/* Begin PBXFrameworksBuildPhase section */
		1BCE3C912297EAD500CC9D24 /* Frameworks */ = {
			isa = PBXFrameworksBuildPhase;
			buildActionMask = 2147483647;
			files = (
			);
			runOnlyForDeploymentPostprocessing = 0;
		};
		1BCE3CA52297EAD700CC9D24 /* Frameworks */ = {
			isa = PBXFrameworksBuildPhase;
			buildActionMask = 2147483647;
			files = (
			);
			runOnlyForDeploymentPostprocessing = 0;
		};
/* End PBXFrameworksBuildPhase section */

/* Begin PBXGroup section */
		1B0F57ED229FB42900A857B1 /* Modules */ = {
			isa = PBXGroup;
			children = (
				1B17BC0722980342007E7BE3 /* Services */,
				1B17BC0A2298036F007E7BE3 /* Models */,
				1B0F57EE229FB46000A857B1 /* Main */,
				1B0F57EF229FB47000A857B1 /* PairList */,
				1B0F57F0229FB4AC00A857B1 /* CurrencyList */,
				1B0F57F1229FB5E100A857B1 /* ComparableList */,
			);
			path = Modules;
			sourceTree = "<group>";
		};
		1B0F57EE229FB46000A857B1 /* Main */ = {
			isa = PBXGroup;
			children = (
				1B0F57F2229FB5F300A857B1 /* ViewModel */,
				1B0F57F3229FB5FF00A857B1 /* ViewController */,
			);
			path = Main;
			sourceTree = "<group>";
		};
		1B0F57EF229FB47000A857B1 /* PairList */ = {
			isa = PBXGroup;
			children = (
				1B0F57F5229FB64400A857B1 /* ViewModel */,
				1B0F57F4229FB64400A857B1 /* ViewController */,
			);
			path = PairList;
			sourceTree = "<group>";
		};
		1B0F57F0229FB4AC00A857B1 /* CurrencyList */ = {
			isa = PBXGroup;
			children = (
				1B0F57F7229FB65400A857B1 /* ViewModel */,
				1B0F57F6229FB65400A857B1 /* ViewController */,
			);
			path = CurrencyList;
			sourceTree = "<group>";
		};
		1B0F57F1229FB5E100A857B1 /* ComparableList */ = {
			isa = PBXGroup;
			children = (
				1B0F57F9229FB65C00A857B1 /* ViewModel */,
				1B0F57F8229FB65C00A857B1 /* ViewController */,
			);
			path = ComparableList;
			sourceTree = "<group>";
		};
		1B0F57F2229FB5F300A857B1 /* ViewModel */ = {
			isa = PBXGroup;
			children = (
				D01D7951229CCA7C007D4F50 /* MainViewModel.swift */,
			);
			path = ViewModel;
			sourceTree = "<group>";
		};
		1B0F57F3229FB5FF00A857B1 /* ViewController */ = {
			isa = PBXGroup;
			children = (
				1B80DF58229C12A200816092 /* MainViewController.swift */,
			);
			path = ViewController;
			sourceTree = "<group>";
		};
		1B0F57F4229FB64400A857B1 /* ViewController */ = {
			isa = PBXGroup;
			children = (
				1B80DF5A229C15A000816092 /* PairListViewController.swift */,
			);
			path = ViewController;
			sourceTree = "<group>";
		};
		1B0F57F5229FB64400A857B1 /* ViewModel */ = {
			isa = PBXGroup;
			children = (
				1B01807E229D7EBD003A2ECF /* PairListViewModel.swift */,
			);
			path = ViewModel;
			sourceTree = "<group>";
		};
		1B0F57F6229FB65400A857B1 /* ViewController */ = {
			isa = PBXGroup;
			children = (
				1BCE3CBE2298007100CC9D24 /* CurrenciesListViewController.swift */,
			);
			path = ViewController;
			sourceTree = "<group>";
		};
		1B0F57F7229FB65400A857B1 /* ViewModel */ = {
			isa = PBXGroup;
			children = (
				1BCE3CBF2298007100CC9D24 /* CurrenciesListViewModel.swift */,
			);
			path = ViewModel;
			sourceTree = "<group>";
		};
		1B0F57F8229FB65C00A857B1 /* ViewController */ = {
			isa = PBXGroup;
			children = (
				D0143E7A229ACB1B00687A68 /* ComparableCurrenciesListViewController.swift */,
			);
			path = ViewController;
			sourceTree = "<group>";
		};
		1B0F57F9229FB65C00A857B1 /* ViewModel */ = {
			isa = PBXGroup;
			children = (
				D0143E7C229ACE5900687A68 /* ComparableCurrenciesListViewModel.swift */,
			);
			path = ViewModel;
			sourceTree = "<group>";
		};
		1B0F57FD229FCE7800A857B1 /* CoreData */ = {
			isa = PBXGroup;
			children = (
				1B0F57FA229FCE6600A857B1 /* Currencies.xcdatamodeld */,
			);
			path = CoreData;
			sourceTree = "<group>";
		};
		1B17BC0722980342007E7BE3 /* Services */ = {
			isa = PBXGroup;
			children = (
				1B17BC0822980342007E7BE3 /* APIService.swift */,
				1B433DA622A11BF200ED0532 /* PairsService.swift */,
				1B433DA922A1209500ED0532 /* MainService.swift */,
			);
			path = Services;
			sourceTree = "<group>";
		};
		1B17BC0A2298036F007E7BE3 /* Models */ = {
			isa = PBXGroup;
			children = (
				1B433DA822A11C9A00ED0532 /* Pair */,
				1B17BC0B2298036F007E7BE3 /* Currency.swift */,
			);
			path = Models;
			sourceTree = "<group>";
		};
		1B17BC0C2298036F007E7BE3 /* Constants */ = {
			isa = PBXGroup;
			children = (
				1B17BC1022980856007E7BE3 /* currencies.json */,
				1B17BC0D2298036F007E7BE3 /* Constants.swift */,
			);
			path = Constants;
			sourceTree = "<group>";
		};
		1B433DA822A11C9A00ED0532 /* Pair */ = {
			isa = PBXGroup;
			children = (
				1B433DA222A1172A00ED0532 /* Pair+CoreDataClass.swift */,
				1B433DA322A1172A00ED0532 /* Pair+CoreDataProperties.swift */,
			);
			path = Pair;
			sourceTree = "<group>";
		};
		1BCE3C8B2297EAD500CC9D24 = {
			isa = PBXGroup;
			children = (
				1BCE3C962297EAD500CC9D24 /* Currencies */,
				1BCE3CAB2297EAD700CC9D24 /* CurrenciesTests */,
				1BCE3C952297EAD500CC9D24 /* Products */,
			);
			sourceTree = "<group>";
		};
		1BCE3C952297EAD500CC9D24 /* Products */ = {
			isa = PBXGroup;
			children = (
				1BCE3C942297EAD500CC9D24 /* Currencies.app */,
				1BCE3CA82297EAD700CC9D24 /* CurrenciesTests.xctest */,
			);
			name = Products;
			sourceTree = "<group>";
		};
		1BCE3C962297EAD500CC9D24 /* Currencies */ = {
			isa = PBXGroup;
			children = (
				1BCE3CB72297EAF100CC9D24 /* AppLaunching */,
				1B0F57FD229FCE7800A857B1 /* CoreData */,
				1B17BC0C2298036F007E7BE3 /* Constants */,
				1B0F57ED229FB42900A857B1 /* Modules */,
				1BCE3CB92297EB2800CC9D24 /* Views */,
				1BCE3CBB2297EBDF00CC9D24 /* Resources */,
				1BCE3CBC2297EBF000CC9D24 /* SupportingFiles */,
			);
			path = Currencies;
			sourceTree = "<group>";
		};
		1BCE3CAB2297EAD700CC9D24 /* CurrenciesTests */ = {
			isa = PBXGroup;
			children = (
				1BCE3CAC2297EAD700CC9D24 /* CurrenciesTests.swift */,
				1BCE3CAE2297EAD700CC9D24 /* Info.plist */,
			);
			path = CurrenciesTests;
			sourceTree = "<group>";
		};
		1BCE3CB72297EAF100CC9D24 /* AppLaunching */ = {
			isa = PBXGroup;
			children = (
				1BCE3C972297EAD500CC9D24 /* AppDelegate.swift */,
			);
			path = AppLaunching;
			sourceTree = "<group>";
		};
		1BCE3CB92297EB2800CC9D24 /* Views */ = {
			isa = PBXGroup;
			children = (
				1B17BC05229802CD007E7BE3 /* CurrencyTableViewCell.swift */,
				1B0F57E7229E41B200A857B1 /* PairTableViewCell.swift */,
			);
			path = Views;
			sourceTree = "<group>";
		};
		1BCE3CBB2297EBDF00CC9D24 /* Resources */ = {
			isa = PBXGroup;
			children = (
				1BCE3C9B2297EAD500CC9D24 /* Main.storyboard */,
				1BCE3C9E2297EAD700CC9D24 /* Assets.xcassets */,
				1BCE3CA02297EAD700CC9D24 /* LaunchScreen.storyboard */,
			);
			path = Resources;
			sourceTree = "<group>";
		};
		1BCE3CBC2297EBF000CC9D24 /* SupportingFiles */ = {
			isa = PBXGroup;
			children = (
				1BCE3CA32297EAD700CC9D24 /* Info.plist */,
			);
			path = SupportingFiles;
			sourceTree = "<group>";
		};
/* End PBXGroup section */

/* Begin PBXNativeTarget section */
		1BCE3C932297EAD500CC9D24 /* Currencies */ = {
			isa = PBXNativeTarget;
			buildConfigurationList = 1BCE3CB12297EAD700CC9D24 /* Build configuration list for PBXNativeTarget "Currencies" */;
			buildPhases = (
				1BCE3C902297EAD500CC9D24 /* Sources */,
				1BCE3C912297EAD500CC9D24 /* Frameworks */,
				1BCE3C922297EAD500CC9D24 /* Resources */,
			);
			buildRules = (
			);
			dependencies = (
			);
			name = Currencies;
			productName = Currencies;
			productReference = 1BCE3C942297EAD500CC9D24 /* Currencies.app */;
			productType = "com.apple.product-type.application";
		};
		1BCE3CA72297EAD700CC9D24 /* CurrenciesTests */ = {
			isa = PBXNativeTarget;
			buildConfigurationList = 1BCE3CB42297EAD700CC9D24 /* Build configuration list for PBXNativeTarget "CurrenciesTests" */;
			buildPhases = (
				1BCE3CA42297EAD700CC9D24 /* Sources */,
				1BCE3CA52297EAD700CC9D24 /* Frameworks */,
				1BCE3CA62297EAD700CC9D24 /* Resources */,
			);
			buildRules = (
			);
			dependencies = (
				1BCE3CAA2297EAD700CC9D24 /* PBXTargetDependency */,
			);
			name = CurrenciesTests;
			productName = CurrenciesTests;
			productReference = 1BCE3CA82297EAD700CC9D24 /* CurrenciesTests.xctest */;
			productType = "com.apple.product-type.bundle.unit-test";
		};
/* End PBXNativeTarget section */

/* Begin PBXProject section */
		1BCE3C8C2297EAD500CC9D24 /* Project object */ = {
			isa = PBXProject;
			attributes = {
				LastSwiftUpdateCheck = 1020;
				LastUpgradeCheck = 1020;
				ORGANIZATIONNAME = "Artem Lytkin";
				TargetAttributes = {
					1BCE3C932297EAD500CC9D24 = {
						CreatedOnToolsVersion = 10.2;
					};
					1BCE3CA72297EAD700CC9D24 = {
						CreatedOnToolsVersion = 10.2;
						TestTargetID = 1BCE3C932297EAD500CC9D24;
					};
				};
			};
			buildConfigurationList = 1BCE3C8F2297EAD500CC9D24 /* Build configuration list for PBXProject "Currencies" */;
			compatibilityVersion = "Xcode 9.3";
			developmentRegion = en;
			hasScannedForEncodings = 0;
			knownRegions = (
				en,
				Base,
			);
			mainGroup = 1BCE3C8B2297EAD500CC9D24;
			productRefGroup = 1BCE3C952297EAD500CC9D24 /* Products */;
			projectDirPath = "";
			projectRoot = "";
			targets = (
				1BCE3C932297EAD500CC9D24 /* Currencies */,
				1BCE3CA72297EAD700CC9D24 /* CurrenciesTests */,
			);
		};
/* End PBXProject section */

/* Begin PBXResourcesBuildPhase section */
		1BCE3C922297EAD500CC9D24 /* Resources */ = {
			isa = PBXResourcesBuildPhase;
			buildActionMask = 2147483647;
			files = (
				1BCE3CA22297EAD700CC9D24 /* LaunchScreen.storyboard in Resources */,
				1BCE3C9F2297EAD700CC9D24 /* Assets.xcassets in Resources */,
				1B17BC1122980856007E7BE3 /* currencies.json in Resources */,
				1BCE3C9D2297EAD500CC9D24 /* Main.storyboard in Resources */,
			);
			runOnlyForDeploymentPostprocessing = 0;
		};
		1BCE3CA62297EAD700CC9D24 /* Resources */ = {
			isa = PBXResourcesBuildPhase;
			buildActionMask = 2147483647;
			files = (
			);
			runOnlyForDeploymentPostprocessing = 0;
		};
/* End PBXResourcesBuildPhase section */

/* Begin PBXSourcesBuildPhase section */
		1BCE3C902297EAD500CC9D24 /* Sources */ = {
			isa = PBXSourcesBuildPhase;
			buildActionMask = 2147483647;
			files = (
				1BCE3CC02298007100CC9D24 /* CurrenciesListViewController.swift in Sources */,
				1B80DF59229C12A200816092 /* MainViewController.swift in Sources */,
				1B0F57FC229FCE6600A857B1 /* Currencies.xcdatamodeld in Sources */,
				1BCE3C982297EAD500CC9D24 /* AppDelegate.swift in Sources */,
				1B17BC06229802CD007E7BE3 /* CurrencyTableViewCell.swift in Sources */,
				1B01807F229D7EBD003A2ECF /* PairListViewModel.swift in Sources */,
				1B433DA522A1172A00ED0532 /* Pair+CoreDataProperties.swift in Sources */,
				1B17BC0922980342007E7BE3 /* APIService.swift in Sources */,
				D0143E7D229ACE5900687A68 /* ComparableCurrenciesListViewModel.swift in Sources */,
				D01D7952229CCA7C007D4F50 /* MainViewModel.swift in Sources */,
				D0143E7B229ACB1B00687A68 /* ComparableCurrenciesListViewController.swift in Sources */,
				1B0F57E8229E41B200A857B1 /* PairTableViewCell.swift in Sources */,
				1B17BC0E2298036F007E7BE3 /* Currency.swift in Sources */,
				1B433DAA22A1209500ED0532 /* MainService.swift in Sources */,
				1B80DF5B229C15A000816092 /* PairListViewController.swift in Sources */,
				1B433DA422A1172A00ED0532 /* Pair+CoreDataClass.swift in Sources */,
				1B433DA722A11BF200ED0532 /* PairsService.swift in Sources */,
				1BCE3CC12298007100CC9D24 /* CurrenciesListViewModel.swift in Sources */,
				1B17BC0F2298036F007E7BE3 /* Constants.swift in Sources */,
			);
			runOnlyForDeploymentPostprocessing = 0;
		};
		1BCE3CA42297EAD700CC9D24 /* Sources */ = {
			isa = PBXSourcesBuildPhase;
			buildActionMask = 2147483647;
			files = (
				1BCE3CAD2297EAD700CC9D24 /* CurrenciesTests.swift in Sources */,
			);
			runOnlyForDeploymentPostprocessing = 0;
		};
/* End PBXSourcesBuildPhase section */

/* Begin PBXTargetDependency section */
		1BCE3CAA2297EAD700CC9D24 /* PBXTargetDependency */ = {
			isa = PBXTargetDependency;
			target = 1BCE3C932297EAD500CC9D24 /* Currencies */;
			targetProxy = 1BCE3CA92297EAD700CC9D24 /* PBXContainerItemProxy */;
		};
/* End PBXTargetDependency section */

/* Begin PBXVariantGroup section */
		1BCE3C9B2297EAD500CC9D24 /* Main.storyboard */ = {
			isa = PBXVariantGroup;
			children = (
				1BCE3C9C2297EAD500CC9D24 /* Base */,
			);
			name = Main.storyboard;
			sourceTree = "<group>";
		};
		1BCE3CA02297EAD700CC9D24 /* LaunchScreen.storyboard */ = {
			isa = PBXVariantGroup;
			children = (
				1BCE3CA12297EAD700CC9D24 /* Base */,
			);
			name = LaunchScreen.storyboard;
			sourceTree = "<group>";
		};
/* End PBXVariantGroup section */

/* Begin XCBuildConfiguration section */
		1BCE3CAF2297EAD700CC9D24 /* Debug */ = {
			isa = XCBuildConfiguration;
			buildSettings = {
				ALWAYS_SEARCH_USER_PATHS = NO;
				CLANG_ANALYZER_NONNULL = YES;
				CLANG_ANALYZER_NUMBER_OBJECT_CONVERSION = YES_AGGRESSIVE;
				CLANG_CXX_LANGUAGE_STANDARD = "gnu++14";
				CLANG_CXX_LIBRARY = "libc++";
				CLANG_ENABLE_MODULES = YES;
				CLANG_ENABLE_OBJC_ARC = YES;
				CLANG_ENABLE_OBJC_WEAK = YES;
				CLANG_WARN_BLOCK_CAPTURE_AUTORELEASING = YES;
				CLANG_WARN_BOOL_CONVERSION = YES;
				CLANG_WARN_COMMA = YES;
				CLANG_WARN_CONSTANT_CONVERSION = YES;
				CLANG_WARN_DEPRECATED_OBJC_IMPLEMENTATIONS = YES;
				CLANG_WARN_DIRECT_OBJC_ISA_USAGE = YES_ERROR;
				CLANG_WARN_DOCUMENTATION_COMMENTS = YES;
				CLANG_WARN_EMPTY_BODY = YES;
				CLANG_WARN_ENUM_CONVERSION = YES;
				CLANG_WARN_INFINITE_RECURSION = YES;
				CLANG_WARN_INT_CONVERSION = YES;
				CLANG_WARN_NON_LITERAL_NULL_CONVERSION = YES;
				CLANG_WARN_OBJC_IMPLICIT_RETAIN_SELF = YES;
				CLANG_WARN_OBJC_LITERAL_CONVERSION = YES;
				CLANG_WARN_OBJC_ROOT_CLASS = YES_ERROR;
				CLANG_WARN_RANGE_LOOP_ANALYSIS = YES;
				CLANG_WARN_STRICT_PROTOTYPES = YES;
				CLANG_WARN_SUSPICIOUS_MOVE = YES;
				CLANG_WARN_UNGUARDED_AVAILABILITY = YES_AGGRESSIVE;
				CLANG_WARN_UNREACHABLE_CODE = YES;
				CLANG_WARN__DUPLICATE_METHOD_MATCH = YES;
				CODE_SIGN_IDENTITY = "iPhone Developer";
				COPY_PHASE_STRIP = NO;
				DEBUG_INFORMATION_FORMAT = dwarf;
				ENABLE_STRICT_OBJC_MSGSEND = YES;
				ENABLE_TESTABILITY = YES;
				GCC_C_LANGUAGE_STANDARD = gnu11;
				GCC_DYNAMIC_NO_PIC = NO;
				GCC_NO_COMMON_BLOCKS = YES;
				GCC_OPTIMIZATION_LEVEL = 0;
				GCC_PREPROCESSOR_DEFINITIONS = (
					"DEBUG=1",
					"$(inherited)",
				);
				GCC_WARN_64_TO_32_BIT_CONVERSION = YES;
				GCC_WARN_ABOUT_RETURN_TYPE = YES_ERROR;
				GCC_WARN_UNDECLARED_SELECTOR = YES;
				GCC_WARN_UNINITIALIZED_AUTOS = YES_AGGRESSIVE;
				GCC_WARN_UNUSED_FUNCTION = YES;
				GCC_WARN_UNUSED_VARIABLE = YES;
				IPHONEOS_DEPLOYMENT_TARGET = 12.2;
				MTL_ENABLE_DEBUG_INFO = INCLUDE_SOURCE;
				MTL_FAST_MATH = YES;
				ONLY_ACTIVE_ARCH = YES;
				SDKROOT = iphoneos;
				SWIFT_ACTIVE_COMPILATION_CONDITIONS = DEBUG;
				SWIFT_OPTIMIZATION_LEVEL = "-Onone";
			};
			name = Debug;
		};
		1BCE3CB02297EAD700CC9D24 /* Release */ = {
			isa = XCBuildConfiguration;
			buildSettings = {
				ALWAYS_SEARCH_USER_PATHS = NO;
				CLANG_ANALYZER_NONNULL = YES;
				CLANG_ANALYZER_NUMBER_OBJECT_CONVERSION = YES_AGGRESSIVE;
				CLANG_CXX_LANGUAGE_STANDARD = "gnu++14";
				CLANG_CXX_LIBRARY = "libc++";
				CLANG_ENABLE_MODULES = YES;
				CLANG_ENABLE_OBJC_ARC = YES;
				CLANG_ENABLE_OBJC_WEAK = YES;
				CLANG_WARN_BLOCK_CAPTURE_AUTORELEASING = YES;
				CLANG_WARN_BOOL_CONVERSION = YES;
				CLANG_WARN_COMMA = YES;
				CLANG_WARN_CONSTANT_CONVERSION = YES;
				CLANG_WARN_DEPRECATED_OBJC_IMPLEMENTATIONS = YES;
				CLANG_WARN_DIRECT_OBJC_ISA_USAGE = YES_ERROR;
				CLANG_WARN_DOCUMENTATION_COMMENTS = YES;
				CLANG_WARN_EMPTY_BODY = YES;
				CLANG_WARN_ENUM_CONVERSION = YES;
				CLANG_WARN_INFINITE_RECURSION = YES;
				CLANG_WARN_INT_CONVERSION = YES;
				CLANG_WARN_NON_LITERAL_NULL_CONVERSION = YES;
				CLANG_WARN_OBJC_IMPLICIT_RETAIN_SELF = YES;
				CLANG_WARN_OBJC_LITERAL_CONVERSION = YES;
				CLANG_WARN_OBJC_ROOT_CLASS = YES_ERROR;
				CLANG_WARN_RANGE_LOOP_ANALYSIS = YES;
				CLANG_WARN_STRICT_PROTOTYPES = YES;
				CLANG_WARN_SUSPICIOUS_MOVE = YES;
				CLANG_WARN_UNGUARDED_AVAILABILITY = YES_AGGRESSIVE;
				CLANG_WARN_UNREACHABLE_CODE = YES;
				CLANG_WARN__DUPLICATE_METHOD_MATCH = YES;
				CODE_SIGN_IDENTITY = "iPhone Developer";
				COPY_PHASE_STRIP = NO;
				DEBUG_INFORMATION_FORMAT = "dwarf-with-dsym";
				ENABLE_NS_ASSERTIONS = NO;
				ENABLE_STRICT_OBJC_MSGSEND = YES;
				GCC_C_LANGUAGE_STANDARD = gnu11;
				GCC_NO_COMMON_BLOCKS = YES;
				GCC_WARN_64_TO_32_BIT_CONVERSION = YES;
				GCC_WARN_ABOUT_RETURN_TYPE = YES_ERROR;
				GCC_WARN_UNDECLARED_SELECTOR = YES;
				GCC_WARN_UNINITIALIZED_AUTOS = YES_AGGRESSIVE;
				GCC_WARN_UNUSED_FUNCTION = YES;
				GCC_WARN_UNUSED_VARIABLE = YES;
				IPHONEOS_DEPLOYMENT_TARGET = 12.2;
				MTL_ENABLE_DEBUG_INFO = NO;
				MTL_FAST_MATH = YES;
				SDKROOT = iphoneos;
				SWIFT_COMPILATION_MODE = wholemodule;
				SWIFT_OPTIMIZATION_LEVEL = "-O";
				VALIDATE_PRODUCT = YES;
			};
			name = Release;
		};
		1BCE3CB22297EAD700CC9D24 /* Debug */ = {
			isa = XCBuildConfiguration;
			buildSettings = {
				ASSETCATALOG_COMPILER_APPICON_NAME = AppIcon;
				CODE_SIGN_STYLE = Automatic;
				DEVELOPMENT_TEAM = "";
				INFOPLIST_FILE = "$(SRCROOT)/Currencies/SupportingFiles/Info.plist";
				IPHONEOS_DEPLOYMENT_TARGET = 12.0;
				LD_RUNPATH_SEARCH_PATHS = (
					"$(inherited)",
					"@executable_path/Frameworks",
				);
				PRODUCT_BUNDLE_IDENTIFIER = com.lytkin.Currencies;
				PRODUCT_NAME = "$(TARGET_NAME)";
				SWIFT_VERSION = 4.2;
				TARGETED_DEVICE_FAMILY = "1,2";
			};
			name = Debug;
		};
		1BCE3CB32297EAD700CC9D24 /* Release */ = {
			isa = XCBuildConfiguration;
			buildSettings = {
				ASSETCATALOG_COMPILER_APPICON_NAME = AppIcon;
				CODE_SIGN_STYLE = Automatic;
				DEVELOPMENT_TEAM = "";
				INFOPLIST_FILE = "$(SRCROOT)/Currencies/SupportingFiles/Info.plist";
				IPHONEOS_DEPLOYMENT_TARGET = 12.0;
				LD_RUNPATH_SEARCH_PATHS = (
					"$(inherited)",
					"@executable_path/Frameworks",
				);
				PRODUCT_BUNDLE_IDENTIFIER = com.lytkin.Currencies;
				PRODUCT_NAME = "$(TARGET_NAME)";
				SWIFT_VERSION = 4.2;
				TARGETED_DEVICE_FAMILY = "1,2";
			};
			name = Release;
		};
		1BCE3CB52297EAD700CC9D24 /* Debug */ = {
			isa = XCBuildConfiguration;
			buildSettings = {
				ALWAYS_EMBED_SWIFT_STANDARD_LIBRARIES = YES;
				BUNDLE_LOADER = "$(TEST_HOST)";
				CODE_SIGN_STYLE = Automatic;
				INFOPLIST_FILE = CurrenciesTests/Info.plist;
				LD_RUNPATH_SEARCH_PATHS = (
					"$(inherited)",
					"@executable_path/Frameworks",
					"@loader_path/Frameworks",
				);
				PRODUCT_BUNDLE_IDENTIFIER = com.lytkin.CurrenciesTests;
				PRODUCT_NAME = "$(TARGET_NAME)";
				SWIFT_VERSION = 5.0;
				TARGETED_DEVICE_FAMILY = "1,2";
				TEST_HOST = "$(BUILT_PRODUCTS_DIR)/Currencies.app/Currencies";
			};
			name = Debug;
		};
		1BCE3CB62297EAD700CC9D24 /* Release */ = {
			isa = XCBuildConfiguration;
			buildSettings = {
				ALWAYS_EMBED_SWIFT_STANDARD_LIBRARIES = YES;
				BUNDLE_LOADER = "$(TEST_HOST)";
				CODE_SIGN_STYLE = Automatic;
				INFOPLIST_FILE = CurrenciesTests/Info.plist;
				LD_RUNPATH_SEARCH_PATHS = (
					"$(inherited)",
					"@executable_path/Frameworks",
					"@loader_path/Frameworks",
				);
				PRODUCT_BUNDLE_IDENTIFIER = com.lytkin.CurrenciesTests;
				PRODUCT_NAME = "$(TARGET_NAME)";
				SWIFT_VERSION = 5.0;
				TARGETED_DEVICE_FAMILY = "1,2";
				TEST_HOST = "$(BUILT_PRODUCTS_DIR)/Currencies.app/Currencies";
			};
			name = Release;
		};
/* End XCBuildConfiguration section */

/* Begin XCConfigurationList section */
		1BCE3C8F2297EAD500CC9D24 /* Build configuration list for PBXProject "Currencies" */ = {
			isa = XCConfigurationList;
			buildConfigurations = (
				1BCE3CAF2297EAD700CC9D24 /* Debug */,
				1BCE3CB02297EAD700CC9D24 /* Release */,
			);
			defaultConfigurationIsVisible = 0;
			defaultConfigurationName = Release;
		};
		1BCE3CB12297EAD700CC9D24 /* Build configuration list for PBXNativeTarget "Currencies" */ = {
			isa = XCConfigurationList;
			buildConfigurations = (
				1BCE3CB22297EAD700CC9D24 /* Debug */,
				1BCE3CB32297EAD700CC9D24 /* Release */,
			);
			defaultConfigurationIsVisible = 0;
			defaultConfigurationName = Release;
		};
		1BCE3CB42297EAD700CC9D24 /* Build configuration list for PBXNativeTarget "CurrenciesTests" */ = {
			isa = XCConfigurationList;
			buildConfigurations = (
				1BCE3CB52297EAD700CC9D24 /* Debug */,
				1BCE3CB62297EAD700CC9D24 /* Release */,
			);
			defaultConfigurationIsVisible = 0;
			defaultConfigurationName = Release;
		};
/* End XCConfigurationList section */

/* Begin XCVersionGroup section */
		1B0F57FA229FCE6600A857B1 /* Currencies.xcdatamodeld */ = {
			isa = XCVersionGroup;
			children = (
				1B0F57FB229FCE6600A857B1 /* Currencies.xcdatamodel */,
			);
			currentVersion = 1B0F57FB229FCE6600A857B1 /* Currencies.xcdatamodel */;
			path = Currencies.xcdatamodeld;
			sourceTree = "<group>";
			versionGroupType = wrapper.xcdatamodel;
		};
/* End XCVersionGroup section */
	};
	rootObject = 1BCE3C8C2297EAD500CC9D24 /* Project object */;
}
